{
  "name": "foodies",
  "requires": true,
  "lockfileVersion": 1,
  "dependencies": {
    "jquery-bar-rating": {
      "version": "file:jquery-bar-rating",
      "requires": {
        "jquery": "3.3.1"
      },
      "dependencies": {
        "accord": {
          "version": "",
          "bundled": true
        },
        "anymatch": {
          "version": "",
          "bundled": true
        },
        "bl": {
          "version": "",
          "bundled": true
        },
        "body-parser": {
          "version": "",
          "bundled": true
        },
        "chokidar": {
          "version": "",
          "bundled": true
        },
        "concat-stream": {
          "version": "",
          "bundled": true
        },
        "dashdash": {
          "version": "",
          "bundled": true
        },
        "deep-eql": {
          "version": "",
          "bundled": true
        },
        "dom-serializer": {
          "version": "",
          "bundled": true
        },
        "engine.io": {
          "version": "",
          "bundled": true
        },
        "engine.io-client": {
          "version": "",
          "bundled": true
        },
        "expand-braces": {
          "version": "",
          "bundled": true
        },
        "expand-range": {
          "version": "",
          "bundled": true
        },
        "extract-zip": {
          "version": "",
          "bundled": true
        },
        "finalhandler": {
          "version": "",
          "bundled": true
        },
        "fobject": {
          "version": "",
          "bundled": true
        },
        "fs-extra": {
          "version": "",
          "bundled": true
        },
        "fsevents": {
          "version": "",
          "bundled": true,
          "dependencies": {
            "rc": {
              "version": "",
              "bundled": true
            }
          }
        },
        "getpass": {
          "version": "",
          "bundled": true
        },
        "glob-base": {
          "version": "",
          "bundled": true
        },
        "glob-parent": {
          "version": "",
          "bundled": true
        },
        "globule": {
          "version": "",
          "bundled": true
        },
        "gulp-jshint": {
          "version": "",
          "bundled": true
        },
        "gulp-less": {
          "version": "",
          "bundled": true
        },
        "gulp-sourcemaps": {
          "version": "",
          "bundled": true
        },
        "gulp-uglify": {
          "version": "",
          "bundled": true
        },
        "jquery": {
          "version": "3.3.1",
          "bundled": true
        }
      }
    }
  }
}
